
Microsoft Visual Studio Solution File, Format Version 12.00
# Visual Studio Version 16
VisualStudioVersion = 16.0.31702.278
MinimumVisualStudioVersion = 10.0.40219.1
Project("{FAE04EC0-301F-11D3-BF4B-00C04F79EFBC}") = "VendasApp", "VendasApp\VendasApp.csproj", "{E1775835-8513-4830-8885-4C5D567BD860}"
EndProject
Global
	GlobalSection(SolutionConfigurationPlatforms) = preSolution
		Debug|Any CPU = Debug|Any CPU
		Release|Any CPU = Release|Any CPU
	EndGlobalSection
	GlobalSection(ProjectConfigurationPlatforms) = postSolution
		{E1775835-8513-4830-8885-4C5D567BD860}.Debug|Any CPU.ActiveCfg = Debug|Any CPU
		{E1775835-8513-4830-8885-4C5D567BD860}.Debug|Any CPU.Build.0 = Debug|Any CPU
		{E1775835-8513-4830-8885-4C5D567BD860}.Release|Any CPU.ActiveCfg = Release|Any CPU
		{E1775835-8513-4830-8885-4C5D567BD860}.Release|Any CPU.Build.0 = Release|Any CPU
	EndGlobalSection
	GlobalSection(SolutionProperties) = preSolution
		HideSolutionNode = FALSE
	EndGlobalSection
	GlobalSection(ExtensibilityGlobals) = postSolution
		SolutionGuid = {313E644E-EC12-4921-8FC0-303E3DCDD7E4}
	EndGlobalSection
EndGlobal
